
Microsoft Visual Studio Solution File, Format Version 12.00
# Visual Studio Version 17
VisualStudioVersion = 17.11.35327.3
MinimumVisualStudioVersion = 10.0.40219.1
Project("{FAE04EC0-301F-11D3-BF4B-00C04F79EFBC}") = "ListaLigada.UI.Consola", "ListaLigada.UI.Consola\ListaLigada.UI.Consola.csproj", "{5F38CB44-CEDC-4E64-97BB-57E17EA7CC06}"
EndProject
Project("{FAE04EC0-301F-11D3-BF4B-00C04F79EFBC}") = "ListaLigada.Logica", "ListaLigada.Logica\ListaLigada.Logica.csproj", "{EE53927E-212C-45C1-993C-384AE51FCABB}"
EndProject
Global
	GlobalSection(SolutionConfigurationPlatforms) = preSolution
		Debug|Any CPU = Debug|Any CPU
		Release|Any CPU = Release|Any CPU
	EndGlobalSection
	GlobalSection(ProjectConfigurationPlatforms) = postSolution
		{5F38CB44-CEDC-4E64-97BB-57E17EA7CC06}.Debug|Any CPU.ActiveCfg = Debug|Any CPU
		{5F38CB44-CEDC-4E64-97BB-57E17EA7CC06}.Debug|Any CPU.Build.0 = Debug|Any CPU
		{5F38CB44-CEDC-4E64-97BB-57E17EA7CC06}.Release|Any CPU.ActiveCfg = Release|Any CPU
		{5F38CB44-CEDC-4E64-97BB-57E17EA7CC06}.Release|Any CPU.Build.0 = Release|Any CPU
		{EE53927E-212C-45C1-993C-384AE51FCABB}.Debug|Any CPU.ActiveCfg = Debug|Any CPU
		{EE53927E-212C-45C1-993C-384AE51FCABB}.Debug|Any CPU.Build.0 = Debug|Any CPU
		{EE53927E-212C-45C1-993C-384AE51FCABB}.Release|Any CPU.ActiveCfg = Release|Any CPU
		{EE53927E-212C-45C1-993C-384AE51FCABB}.Release|Any CPU.Build.0 = Release|Any CPU
	EndGlobalSection
	GlobalSection(SolutionProperties) = preSolution
		HideSolutionNode = FALSE
	EndGlobalSection
	GlobalSection(ExtensibilityGlobals) = postSolution
		SolutionGuid = {C6D46268-1E73-4C9B-A29E-CAE6178F1839}
	EndGlobalSection
EndGlobal
